
Microsoft Visual Studio Solution File, Format Version 12.00
# Visual Studio Version 17
VisualStudioVersion = 17.9.34622.214
MinimumVisualStudioVersion = 10.0.40219.1
Project("{2150E333-8FDC-42A3-9474-1A3956D46DE8}") = "src", "src", "{F749DE06-81A3-47E3-AF72-FEA3C02EEF4C}"
EndProject
Project("{9A19103F-16F7-4668-BE54-9A1E7A4F7556}") = "MediatrTutorial.Web", "src\MediatrTutorial.Web\MediatrTutorial.Web.csproj", "{7D1E776A-DB08-464C-9466-79C8172B11DE}"
EndProject
Global
	GlobalSection(SolutionConfigurationPlatforms) = preSolution
		Debug|Any CPU = Debug|Any CPU
		Release|Any CPU = Release|Any CPU
	EndGlobalSection
	GlobalSection(ProjectConfigurationPlatforms) = postSolution
		{7D1E776A-DB08-464C-9466-79C8172B11DE}.Debug|Any CPU.ActiveCfg = Debug|Any CPU
		{7D1E776A-DB08-464C-9466-79C8172B11DE}.Debug|Any CPU.Build.0 = Debug|Any CPU
		{7D1E776A-DB08-464C-9466-79C8172B11DE}.Release|Any CPU.ActiveCfg = Release|Any CPU
		{7D1E776A-DB08-464C-9466-79C8172B11DE}.Release|Any CPU.Build.0 = Release|Any CPU
	EndGlobalSection
	GlobalSection(SolutionProperties) = preSolution
		HideSolutionNode = FALSE
	EndGlobalSection
	GlobalSection(NestedProjects) = preSolution
		{7D1E776A-DB08-464C-9466-79C8172B11DE} = {F749DE06-81A3-47E3-AF72-FEA3C02EEF4C}
	EndGlobalSection
	GlobalSection(ExtensibilityGlobals) = postSolution
		SolutionGuid = {FFB0EB86-105A-471C-ACFC-ED37E06458B3}
	EndGlobalSection
EndGlobal
